
Microsoft Visual Studio Solution File, Format Version 12.00
# Visual Studio Version 17
VisualStudioVersion = 17.0.0.0
MinimumVisualStudioVersion = 10.0.40219.1
Project("{FAE04EC0-301F-11D3-BF4B-00C04F79EFBC}") = "CTI", "CTI\CTI.csproj", "{66553C84-A5A9-489B-A587-413093DE93EF}"
EndProject
Project("{FAE04EC0-301F-11D3-BF4B-00C04F79EFBC}") = "ConsoleExamples", "ConsoleExamples\ConsoleExamples.csproj", "{B4130269-978B-46D2-9668-E613DAA314A0}"
	ProjectSection(ProjectDependencies) = postProject
		{66553C84-A5A9-489B-A587-413093DE93EF} = {66553C84-A5A9-489B-A587-413093DE93EF}
	EndProjectSection
EndProject
Project("{FAE04EC0-301F-11D3-BF4B-00C04F79EFBC}") = "CTITests", "CTITests\CTITests.csproj", "{C7F2A3D4-1B5E-4A8F-9C6D-2E3F0A1B5C7D}"
EndProject
Project("{F184B08F-C81C-45F6-A57F-5ABD9991F28F}") = "ConsoleExamplesVB", "ConsoleExamplesVB\ConsoleExamplesVB.vbproj", "{A35CE8A6-9E9A-40D1-AAA8-B8C2E5D9DC9F}"
	ProjectSection(ProjectDependencies) = postProject
		{66553C84-A5A9-489B-A587-413093DE93EF} = {66553C84-A5A9-489B-A587-413093DE93EF}
	EndProjectSection
EndProject
Global
	GlobalSection(SolutionConfigurationPlatforms) = preSolution
		Debug|Any CPU = Debug|Any CPU
		Release|Any CPU = Release|Any CPU
	EndGlobalSection
	GlobalSection(ProjectConfigurationPlatforms) = postSolution
		{66553C84-A5A9-489B-A587-413093DE93EF}.Debug|Any CPU.ActiveCfg = Debug|Any CPU
		{66553C84-A5A9-489B-A587-413093DE93EF}.Debug|Any CPU.Build.0 = Debug|Any CPU
		{66553C84-A5A9-489B-A587-413093DE93EF}.Release|Any CPU.ActiveCfg = Release|Any CPU
		{66553C84-A5A9-489B-A587-413093DE93EF}.Release|Any CPU.Build.0 = Release|Any CPU
		{B4130269-978B-46D2-9668-E613DAA314A0}.Debug|Any CPU.ActiveCfg = Debug|Any CPU
		{B4130269-978B-46D2-9668-E613DAA314A0}.Debug|Any CPU.Build.0 = Debug|Any CPU
		{B4130269-978B-46D2-9668-E613DAA314A0}.Release|Any CPU.ActiveCfg = Release|Any CPU
		{B4130269-978B-46D2-9668-E613DAA314A0}.Release|Any CPU.Build.0 = Release|Any CPU
		{A35CE8A6-9E9A-40D1-AAA8-B8C2E5D9DC9F}.Debug|Any CPU.ActiveCfg = Debug|Any CPU
		{A35CE8A6-9E9A-40D1-AAA8-B8C2E5D9DC9F}.Debug|Any CPU.Build.0 = Debug|Any CPU
		{A35CE8A6-9E9A-40D1-AAA8-B8C2E5D9DC9F}.Release|Any CPU.ActiveCfg = Release|Any CPU
		{A35CE8A6-9E9A-40D1-AAA8-B8C2E5D9DC9F}.Release|Any CPU.Build.0 = Release|Any CPU
		{C7F2A3D4-1B5E-4A8F-9C6D-2E3F0A1B5C7D}.Debug|Any CPU.ActiveCfg = Debug|Any CPU
		{C7F2A3D4-1B5E-4A8F-9C6D-2E3F0A1B5C7D}.Debug|Any CPU.Build.0 = Debug|Any CPU
		{C7F2A3D4-1B5E-4A8F-9C6D-2E3F0A1B5C7D}.Release|Any CPU.ActiveCfg = Release|Any CPU
		{C7F2A3D4-1B5E-4A8F-9C6D-2E3F0A1B5C7D}.Release|Any CPU.Build.0 = Release|Any CPU
	EndGlobalSection
	GlobalSection(SolutionProperties) = preSolution
		HideSolutionNode = FALSE
	EndGlobalSection
EndGlobal
